Microsoft Visual Studio Solution File, Format Version 12.00
# Visual Studio Version 16
VisualStudioVersion = 16.0.0.0
MinimumVisualStudioVersion = 16.0.0.0
Project("{FAE04EC0-301F-11D3-BF4B-00C04F79EFBC}") = "Order.DomainModel", "DomainModel\Order.DomainModel.csproj", "{A7A41AF4-9091-42F9-AF72-DEDD8CD722C3}"
EndProject
Project("{2150E333-8FDC-42A3-9474-1A3956D46DE8}") = "Applicarion", "Applicarion", "{EF5E4546-CE0B-43A6-B9BF-2F95BA9FFF15}"
EndProject
Project("{FAE04EC0-301F-11D3-BF4B-00C04F79EFBC}") = "Order.Application.Client", "Applicarion\Client\Order.Application.Client.csproj", "{EE3742F2-F376-4A2F-9A6F-B546A4141CA7}"
EndProject
Project("{FAE04EC0-301F-11D3-BF4B-00C04F79EFBC}") = "Order.Application.Server", "Applicarion\Server\Order.Application.Server.csproj", "{728CE346-4007-421D-8306-32ED203E2958}"
EndProject
Project("{FAE04EC0-301F-11D3-BF4B-00C04F79EFBC}") = "Order.Application.Shared", "Applicarion\Shared\Order.Application.Shared.csproj", "{0E4A824B-90A7-484F-96A9-3ECE439C63DD}"
EndProject
Project("{FAE04EC0-301F-11D3-BF4B-00C04F79EFBC}") = "Order.IdentityServer", "IdentityServer\Order.IdentityServer.csproj", "{ED800ABF-BB34-47BB-86EE-2ABC119E64FC}"
EndProject
Project("{FAE04EC0-301F-11D3-BF4B-00C04F79EFBC}") = "Order.IdentityPersistence", "IdentityPersistence\Order.IdentityPersistence.csproj", "{BA92CC3F-BBDD-4469-B8FA-AB6394E92702}"
EndProject
Global
	GlobalSection(SolutionProperties) = preSolution
		HideSolutionNode = FALSE
	EndGlobalSection
	GlobalSection(ExtensibilityGlobals) = postSolution
		SolutionGuid = {D4B49661-256A-4897-A011-DA4C704B6289}
	EndGlobalSection
	GlobalSection(SolutionConfigurationPlatforms) = preSolution
		Debug|Any CPU = Debug|Any CPU
		Debug|x64 = Debug|x64
		Debug|x86 = Debug|x86
		Release|Any CPU = Release|Any CPU
		Release|x64 = Release|x64
		Release|x86 = Release|x86
	EndGlobalSection
	GlobalSection(ProjectConfigurationPlatforms) = postSolution
		{A7A41AF4-9091-42F9-AF72-DEDD8CD722C3}.Debug|Any CPU.ActiveCfg = Debug|Any CPU
		{A7A41AF4-9091-42F9-AF72-DEDD8CD722C3}.Debug|Any CPU.Build.0 = Debug|Any CPU
		{A7A41AF4-9091-42F9-AF72-DEDD8CD722C3}.Debug|x64.ActiveCfg = Debug|Any CPU
		{A7A41AF4-9091-42F9-AF72-DEDD8CD722C3}.Debug|x64.Build.0 = Debug|Any CPU
		{A7A41AF4-9091-42F9-AF72-DEDD8CD722C3}.Debug|x86.ActiveCfg = Debug|Any CPU
		{A7A41AF4-9091-42F9-AF72-DEDD8CD722C3}.Debug|x86.Build.0 = Debug|Any CPU
		{A7A41AF4-9091-42F9-AF72-DEDD8CD722C3}.Release|Any CPU.ActiveCfg = Release|Any CPU
		{A7A41AF4-9091-42F9-AF72-DEDD8CD722C3}.Release|Any CPU.Build.0 = Release|Any CPU
		{A7A41AF4-9091-42F9-AF72-DEDD8CD722C3}.Release|x64.ActiveCfg = Release|Any CPU
		{A7A41AF4-9091-42F9-AF72-DEDD8CD722C3}.Release|x64.Build.0 = Release|Any CPU
		{A7A41AF4-9091-42F9-AF72-DEDD8CD722C3}.Release|x86.ActiveCfg = Release|Any CPU
		{A7A41AF4-9091-42F9-AF72-DEDD8CD722C3}.Release|x86.Build.0 = Release|Any CPU
		{EE3742F2-F376-4A2F-9A6F-B546A4141CA7}.Debug|Any CPU.ActiveCfg = Debug|Any CPU
		{EE3742F2-F376-4A2F-9A6F-B546A4141CA7}.Debug|Any CPU.Build.0 = Debug|Any CPU
		{EE3742F2-F376-4A2F-9A6F-B546A4141CA7}.Debug|x64.ActiveCfg = Debug|Any CPU
		{EE3742F2-F376-4A2F-9A6F-B546A4141CA7}.Debug|x64.Build.0 = Debug|Any CPU
		{EE3742F2-F376-4A2F-9A6F-B546A4141CA7}.Debug|x86.ActiveCfg = Debug|Any CPU
		{EE3742F2-F376-4A2F-9A6F-B546A4141CA7}.Debug|x86.Build.0 = Debug|Any CPU
		{EE3742F2-F376-4A2F-9A6F-B546A4141CA7}.Release|Any CPU.ActiveCfg = Release|Any CPU
		{EE3742F2-F376-4A2F-9A6F-B546A4141CA7}.Release|Any CPU.Build.0 = Release|Any CPU
		{EE3742F2-F376-4A2F-9A6F-B546A4141CA7}.Release|x64.ActiveCfg = Release|Any CPU
		{EE3742F2-F376-4A2F-9A6F-B546A4141CA7}.Release|x64.Build.0 = Release|Any CPU
		{EE3742F2-F376-4A2F-9A6F-B546A4141CA7}.Release|x86.ActiveCfg = Release|Any CPU
		{EE3742F2-F376-4A2F-9A6F-B546A4141CA7}.Release|x86.Build.0 = Release|Any CPU
		{728CE346-4007-421D-8306-32ED203E2958}.Debug|Any CPU.ActiveCfg = Debug|Any CPU
		{728CE346-4007-421D-8306-32ED203E2958}.Debug|Any CPU.Build.0 = Debug|Any CPU
		{728CE346-4007-421D-8306-32ED203E2958}.Debug|x64.ActiveCfg = Debug|Any CPU
		{728CE346-4007-421D-8306-32ED203E2958}.Debug|x64.Build.0 = Debug|Any CPU
		{728CE346-4007-421D-8306-32ED203E2958}.Debug|x86.ActiveCfg = Debug|Any CPU
		{728CE346-4007-421D-8306-32ED203E2958}.Debug|x86.Build.0 = Debug|Any CPU
		{728CE346-4007-421D-8306-32ED203E2958}.Release|Any CPU.ActiveCfg = Release|Any CPU
		{728CE346-4007-421D-8306-32ED203E2958}.Release|Any CPU.Build.0 = Release|Any CPU
		{728CE346-4007-421D-8306-32ED203E2958}.Release|x64.ActiveCfg = Release|Any CPU
		{728CE346-4007-421D-8306-32ED203E2958}.Release|x64.Build.0 = Release|Any CPU
		{728CE346-4007-421D-8306-32ED203E2958}.Release|x86.ActiveCfg = Release|Any CPU
		{728CE346-4007-421D-8306-32ED203E2958}.Release|x86.Build.0 = Release|Any CPU
		{0E4A824B-90A7-484F-96A9-3ECE439C63DD}.Debug|Any CPU.ActiveCfg = Debug|Any CPU
		{0E4A824B-90A7-484F-96A9-3ECE439C63DD}.Debug|Any CPU.Build.0 = Debug|Any CPU
		{0E4A824B-90A7-484F-96A9-3ECE439C63DD}.Debug|x64.ActiveCfg = Debug|Any CPU
		{0E4A824B-90A7-484F-96A9-3ECE439C63DD}.Debug|x64.Build.0 = Debug|Any CPU
		{0E4A824B-90A7-484F-96A9-3ECE439C63DD}.Debug|x86.ActiveCfg = Debug|Any CPU
		{0E4A824B-90A7-484F-96A9-3ECE439C63DD}.Debug|x86.Build.0 = Debug|Any CPU
		{0E4A824B-90A7-484F-96A9-3ECE439C63DD}.Release|Any CPU.ActiveCfg = Release|Any CPU
		{0E4A824B-90A7-484F-96A9-3ECE439C63DD}.Release|Any CPU.Build.0 = Release|Any CPU
		{0E4A824B-90A7-484F-96A9-3ECE439C63DD}.Release|x64.ActiveCfg = Release|Any CPU
		{0E4A824B-90A7-484F-96A9-3ECE439C63DD}.Release|x64.Build.0 = Release|Any CPU
		{0E4A824B-90A7-484F-96A9-3ECE439C63DD}.Release|x86.ActiveCfg = Release|Any CPU
		{0E4A824B-90A7-484F-96A9-3ECE439C63DD}.Release|x86.Build.0 = Release|Any CPU
		{ED800ABF-BB34-47BB-86EE-2ABC119E64FC}.Debug|Any CPU.ActiveCfg = Debug|Any CPU
		{ED800ABF-BB34-47BB-86EE-2ABC119E64FC}.Debug|Any CPU.Build.0 = Debug|Any CPU
		{ED800ABF-BB34-47BB-86EE-2ABC119E64FC}.Debug|x64.ActiveCfg = Debug|Any CPU
		{ED800ABF-BB34-47BB-86EE-2ABC119E64FC}.Debug|x64.Build.0 = Debug|Any CPU
		{ED800ABF-BB34-47BB-86EE-2ABC119E64FC}.Debug|x86.ActiveCfg = Debug|Any CPU
		{ED800ABF-BB34-47BB-86EE-2ABC119E64FC}.Debug|x86.Build.0 = Debug|Any CPU
		{ED800ABF-BB34-47BB-86EE-2ABC119E64FC}.Release|Any CPU.ActiveCfg = Release|Any CPU
		{ED800ABF-BB34-47BB-86EE-2ABC119E64FC}.Release|Any CPU.Build.0 = Release|Any CPU
		{ED800ABF-BB34-47BB-86EE-2ABC119E64FC}.Release|x64.ActiveCfg = Release|Any CPU
		{ED800ABF-BB34-47BB-86EE-2ABC119E64FC}.Release|x64.Build.0 = Release|Any CPU
		{ED800ABF-BB34-47BB-86EE-2ABC119E64FC}.Release|x86.ActiveCfg = Release|Any CPU
		{ED800ABF-BB34-47BB-86EE-2ABC119E64FC}.Release|x86.Build.0 = Release|Any CPU
		{BA92CC3F-BBDD-4469-B8FA-AB6394E92702}.Debug|Any CPU.ActiveCfg = Debug|Any CPU
		{BA92CC3F-BBDD-4469-B8FA-AB6394E92702}.Debug|Any CPU.Build.0 = Debug|Any CPU
		{BA92CC3F-BBDD-4469-B8FA-AB6394E92702}.Debug|x64.ActiveCfg = Debug|Any CPU
		{BA92CC3F-BBDD-4469-B8FA-AB6394E92702}.Debug|x64.Build.0 = Debug|Any CPU
		{BA92CC3F-BBDD-4469-B8FA-AB6394E92702}.Debug|x86.ActiveCfg = Debug|Any CPU
		{BA92CC3F-BBDD-4469-B8FA-AB6394E92702}.Debug|x86.Build.0 = Debug|Any CPU
		{BA92CC3F-BBDD-4469-B8FA-AB6394E92702}.Release|Any CPU.ActiveCfg = Release|Any CPU
		{BA92CC3F-BBDD-4469-B8FA-AB6394E92702}.Release|Any CPU.Build.0 = Release|Any CPU
		{BA92CC3F-BBDD-4469-B8FA-AB6394E92702}.Release|x64.ActiveCfg = Release|Any CPU
		{BA92CC3F-BBDD-4469-B8FA-AB6394E92702}.Release|x64.Build.0 = Release|Any CPU
		{BA92CC3F-BBDD-4469-B8FA-AB6394E92702}.Release|x86.ActiveCfg = Release|Any CPU
		{BA92CC3F-BBDD-4469-B8FA-AB6394E92702}.Release|x86.Build.0 = Release|Any CPU
	EndGlobalSection
	GlobalSection(NestedProjects) = preSolution
		{EE3742F2-F376-4A2F-9A6F-B546A4141CA7} = {EF5E4546-CE0B-43A6-B9BF-2F95BA9FFF15}
		{728CE346-4007-421D-8306-32ED203E2958} = {EF5E4546-CE0B-43A6-B9BF-2F95BA9FFF15}
		{0E4A824B-90A7-484F-96A9-3ECE439C63DD} = {EF5E4546-CE0B-43A6-B9BF-2F95BA9FFF15}
	EndGlobalSection
EndGlobal
